
Microsoft Visual Studio Solution File, Format Version 12.00
# Visual Studio Version 17
VisualStudioVersion = 17.1.32319.34
MinimumVisualStudioVersion = 10.0.40219.1
Project("{FAE04EC0-301F-11D3-BF4B-00C04F79EFBC}") = "Tcp_tapsiriq_client", "Tcp_tapsiriq_client\Tcp_tapsiriq_client.csproj", "{1A729BFA-CCDE-453C-8774-609594692EE0}"
EndProject
Project("{FAE04EC0-301F-11D3-BF4B-00C04F79EFBC}") = "Tcp_server_TAPSIRIQ", "Tcp_server_TAPSIRIQ\Tcp_server_TAPSIRIQ.csproj", "{3051579F-CDE6-4F39-B44C-D69F15CCD769}"
EndProject
Global
	GlobalSection(SolutionConfigurationPlatforms) = preSolution
		Debug|Any CPU = Debug|Any CPU
		Release|Any CPU = Release|Any CPU
	EndGlobalSection
	GlobalSection(ProjectConfigurationPlatforms) = postSolution
		{1A729BFA-CCDE-453C-8774-609594692EE0}.Debug|Any CPU.ActiveCfg = Debug|Any CPU
		{1A729BFA-CCDE-453C-8774-609594692EE0}.Debug|Any CPU.Build.0 = Debug|Any CPU
		{1A729BFA-CCDE-453C-8774-609594692EE0}.Release|Any CPU.ActiveCfg = Release|Any CPU
		{1A729BFA-CCDE-453C-8774-609594692EE0}.Release|Any CPU.Build.0 = Release|Any CPU
		{3051579F-CDE6-4F39-B44C-D69F15CCD769}.Debug|Any CPU.ActiveCfg = Debug|Any CPU
		{3051579F-CDE6-4F39-B44C-D69F15CCD769}.Debug|Any CPU.Build.0 = Debug|Any CPU
		{3051579F-CDE6-4F39-B44C-D69F15CCD769}.Release|Any CPU.ActiveCfg = Release|Any CPU
		{3051579F-CDE6-4F39-B44C-D69F15CCD769}.Release|Any CPU.Build.0 = Release|Any CPU
	EndGlobalSection
	GlobalSection(SolutionProperties) = preSolution
		HideSolutionNode = FALSE
	EndGlobalSection
	GlobalSection(ExtensibilityGlobals) = postSolution
		SolutionGuid = {B77F777C-34B3-485B-927B-80DC6B451E91}
	EndGlobalSection
EndGlobal
